
Microsoft Visual Studio Solution File, Format Version 12.00
# Visual Studio Version 16
VisualStudioVersion = 16.0.31410.357
MinimumVisualStudioVersion = 10.0.40219.1
Project("{FAE04EC0-301F-11D3-BF4B-00C04F79EFBC}") = "divya21", "divya21.csproj", "{BDFE54F2-C75D-4F30-A50F-30EFCE88E8A1}"
EndProject
Global
	GlobalSection(SolutionConfigurationPlatforms) = preSolution
		Debug|Any CPU = Debug|Any CPU
		Release|Any CPU = Release|Any CPU
	EndGlobalSection
	GlobalSection(ProjectConfigurationPlatforms) = postSolution
		{BDFE54F2-C75D-4F30-A50F-30EFCE88E8A1}.Debug|Any CPU.ActiveCfg = Debug|Any CPU
		{BDFE54F2-C75D-4F30-A50F-30EFCE88E8A1}.Debug|Any CPU.Build.0 = Debug|Any CPU
		{BDFE54F2-C75D-4F30-A50F-30EFCE88E8A1}.Release|Any CPU.ActiveCfg = Release|Any CPU
		{BDFE54F2-C75D-4F30-A50F-30EFCE88E8A1}.Release|Any CPU.Build.0 = Release|Any CPU
	EndGlobalSection
	GlobalSection(SolutionProperties) = preSolution
		HideSolutionNode = FALSE
	EndGlobalSection
	GlobalSection(ExtensibilityGlobals) = postSolution
		SolutionGuid = {F3F2F66D-FE76-432D-9B07-928DFE0D86D4}
	EndGlobalSection
EndGlobal
